
Microsoft Visual Studio Solution File, Format Version 12.00
# Visual Studio Version 17
VisualStudioVersion = 17.6.33723.286
MinimumVisualStudioVersion = 10.0.40219.1
Project("{9A19103F-16F7-4668-BE54-9A1E7A4F7556}") = "PersonManagement", "CRUDExample\PersonManagement.csproj", "{14E8AA99-BE88-4EB2-ACFB-FCFCE12EB000}"
EndProject
Project("{9A19103F-16F7-4668-BE54-9A1E7A4F7556}") = "PersonManagementTest", "CRUDTests\PersonManagementTest.csproj", "{764F629E-C958-4657-9D7B-7BC39D248E53}"
EndProject
Project("{9A19103F-16F7-4668-BE54-9A1E7A4F7556}") = "Entities", "Entities\Entities.csproj", "{543089A8-0973-4D46-96D5-E85B22CFBC93}"
EndProject
Project("{9A19103F-16F7-4668-BE54-9A1E7A4F7556}") = "ServiceContracts", "ServiceContracts\ServiceContracts.csproj", "{19548BD7-3080-4DE9-B774-D98CC0FFC3E4}"
EndProject
Project("{9A19103F-16F7-4668-BE54-9A1E7A4F7556}") = "Services", "Services\Services.csproj", "{B1B8EDDD-A895-49B0-B0DE-5AC67F946431}"
EndProject
Project("{FAE04EC0-301F-11D3-BF4B-00C04F79EFBC}") = "RepositoryContracts", "RepositoryContracts\RepositoryContracts.csproj", "{2F76968E-D3BA-4B01-9939-EEBA1CFC5244}"
EndProject
Project("{FAE04EC0-301F-11D3-BF4B-00C04F79EFBC}") = "Repositories", "Repositories\Repositories.csproj", "{772121B2-00A1-4235-8001-EA800428DD58}"
EndProject
Global
	GlobalSection(SolutionConfigurationPlatforms) = preSolution
		Debug|Any CPU = Debug|Any CPU
		Release|Any CPU = Release|Any CPU
	EndGlobalSection
	GlobalSection(ProjectConfigurationPlatforms) = postSolution
		{14E8AA99-BE88-4EB2-ACFB-FCFCE12EB000}.Debug|Any CPU.ActiveCfg = Debug|Any CPU
		{14E8AA99-BE88-4EB2-ACFB-FCFCE12EB000}.Debug|Any CPU.Build.0 = Debug|Any CPU
		{14E8AA99-BE88-4EB2-ACFB-FCFCE12EB000}.Release|Any CPU.ActiveCfg = Release|Any CPU
		{14E8AA99-BE88-4EB2-ACFB-FCFCE12EB000}.Release|Any CPU.Build.0 = Release|Any CPU
		{764F629E-C958-4657-9D7B-7BC39D248E53}.Debug|Any CPU.ActiveCfg = Debug|Any CPU
		{764F629E-C958-4657-9D7B-7BC39D248E53}.Debug|Any CPU.Build.0 = Debug|Any CPU
		{764F629E-C958-4657-9D7B-7BC39D248E53}.Release|Any CPU.ActiveCfg = Release|Any CPU
		{764F629E-C958-4657-9D7B-7BC39D248E53}.Release|Any CPU.Build.0 = Release|Any CPU
		{543089A8-0973-4D46-96D5-E85B22CFBC93}.Debug|Any CPU.ActiveCfg = Debug|Any CPU
		{543089A8-0973-4D46-96D5-E85B22CFBC93}.Debug|Any CPU.Build.0 = Debug|Any CPU
		{543089A8-0973-4D46-96D5-E85B22CFBC93}.Release|Any CPU.ActiveCfg = Release|Any CPU
		{543089A8-0973-4D46-96D5-E85B22CFBC93}.Release|Any CPU.Build.0 = Release|Any CPU
		{19548BD7-3080-4DE9-B774-D98CC0FFC3E4}.Debug|Any CPU.ActiveCfg = Debug|Any CPU
		{19548BD7-3080-4DE9-B774-D98CC0FFC3E4}.Debug|Any CPU.Build.0 = Debug|Any CPU
		{19548BD7-3080-4DE9-B774-D98CC0FFC3E4}.Release|Any CPU.ActiveCfg = Release|Any CPU
		{19548BD7-3080-4DE9-B774-D98CC0FFC3E4}.Release|Any CPU.Build.0 = Release|Any CPU
		{B1B8EDDD-A895-49B0-B0DE-5AC67F946431}.Debug|Any CPU.ActiveCfg = Debug|Any CPU
		{B1B8EDDD-A895-49B0-B0DE-5AC67F946431}.Debug|Any CPU.Build.0 = Debug|Any CPU
		{B1B8EDDD-A895-49B0-B0DE-5AC67F946431}.Release|Any CPU.ActiveCfg = Release|Any CPU
		{B1B8EDDD-A895-49B0-B0DE-5AC67F946431}.Release|Any CPU.Build.0 = Release|Any CPU
		{2F76968E-D3BA-4B01-9939-EEBA1CFC5244}.Debug|Any CPU.ActiveCfg = Debug|Any CPU
		{2F76968E-D3BA-4B01-9939-EEBA1CFC5244}.Debug|Any CPU.Build.0 = Debug|Any CPU
		{2F76968E-D3BA-4B01-9939-EEBA1CFC5244}.Release|Any CPU.ActiveCfg = Release|Any CPU
		{2F76968E-D3BA-4B01-9939-EEBA1CFC5244}.Release|Any CPU.Build.0 = Release|Any CPU
		{772121B2-00A1-4235-8001-EA800428DD58}.Debug|Any CPU.ActiveCfg = Debug|Any CPU
		{772121B2-00A1-4235-8001-EA800428DD58}.Debug|Any CPU.Build.0 = Debug|Any CPU
		{772121B2-00A1-4235-8001-EA800428DD58}.Release|Any CPU.ActiveCfg = Release|Any CPU
		{772121B2-00A1-4235-8001-EA800428DD58}.Release|Any CPU.Build.0 = Release|Any CPU
	EndGlobalSection
	GlobalSection(SolutionProperties) = preSolution
		HideSolutionNode = FALSE
	EndGlobalSection
	GlobalSection(ExtensibilityGlobals) = postSolution
		SolutionGuid = {F00B4819-F43A-431D-AA39-2CF8CC5EADA2}
	EndGlobalSection
EndGlobal
